// !$*UTF8*$!
{
	archiveVersion = 1;
	classes = {
	};
	objectVersion = 46;
	objects = {

/* Begin PBXBuildFile section */
		D32D9DEE19A2119100A47040 /* Foundation.framework in Frameworks */ = {isa = PBXBuildFile; fileRef = D32D9DED19A2119100A47040 /* Foundation.framework */; };
		D32D9DF019A2119100A47040 /* CoreGraphics.framework in Frameworks */ = {isa = PBXBuildFile; fileRef = D32D9DEF19A2119100A47040 /* CoreGraphics.framework */; };
		D32D9DF219A2119100A47040 /* UIKit.framework in Frameworks */ = {isa = PBXBuildFile; fileRef = D32D9DF119A2119100A47040 /* UIKit.framework */; };
		D32D9DF419A2119100A47040 /* CoreData.framework in Frameworks */ = {isa = PBXBuildFile; fileRef = D32D9DF319A2119100A47040 /* CoreData.framework */; };
		D32D9DFA19A2119100A47040 /* InfoPlist.strings in Resources */ = {isa = PBXBuildFile; fileRef = D32D9DF819A2119100A47040 /* InfoPlist.strings */; };
		D32D9DFC19A2119100A47040 /* main.m in Sources */ = {isa = PBXBuildFile; fileRef = D32D9DFB19A2119100A47040 /* main.m */; };
		D32D9E0019A2119100A47040 /* ERGAppDelegate.m in Sources */ = {isa = PBXBuildFile; fileRef = D32D9DFF19A2119100A47040 /* ERGAppDelegate.m */; };
		D32D9E0319A2119100A47040 /* Main.storyboard in Resources */ = {isa = PBXBuildFile; fileRef = D32D9E0119A2119100A47040 /* Main.storyboard */; };
		D32D9E0619A2119100A47040 /* ControllingSource.xcdatamodeld in Sources */ = {isa = PBXBuildFile; fileRef = D32D9E0419A2119100A47040 /* ControllingSource.xcdatamodeld */; };
		D32D9E0919A2119100A47040 /* ERGMasterViewController.m in Sources */ = {isa = PBXBuildFile; fileRef = D32D9E0819A2119100A47040 /* ERGMasterViewController.m */; };
		D32D9E0C19A2119100A47040 /* ERGDetailViewController.m in Sources */ = {isa = PBXBuildFile; fileRef = D32D9E0B19A2119100A47040 /* ERGDetailViewController.m */; };
		D32D9E0E19A2119100A47040 /* Images.xcassets in Resources */ = {isa = PBXBuildFile; fileRef = D32D9E0D19A2119100A47040 /* Images.xcassets */; };
		D32D9E1519A2119100A47040 /* XCTest.framework in Frameworks */ = {isa = PBXBuildFile; fileRef = D32D9E1419A2119100A47040 /* XCTest.framework */; };
		D32D9E1619A2119100A47040 /* Foundation.framework in Frameworks */ = {isa = PBXBuildFile; fileRef = D32D9DED19A2119100A47040 /* Foundation.framework */; };
		D32D9E1719A2119100A47040 /* UIKit.framework in Frameworks */ = {isa = PBXBuildFile; fileRef = D32D9DF119A2119100A47040 /* UIKit.framework */; };
		D32D9E1819A2119100A47040 /* CoreData.framework in Frameworks */ = {isa = PBXBuildFile; fileRef = D32D9DF319A2119100A47040 /* CoreData.framework */; };
		D32D9E2019A2119100A47040 /* InfoPlist.strings in Resources */ = {isa = PBXBuildFile; fileRef = D32D9E1E19A2119100A47040 /* InfoPlist.strings */; };
		D32D9E2219A2119100A47040 /* ControllingSourceTests.m in Sources */ = {isa = PBXBuildFile; fileRef = D32D9E2119A2119100A47040 /* ControllingSourceTests.m */; };
/* End PBXBuildFile section */

/* Begin PBXContainerItemProxy section */
		D32D9E1919A2119100A47040 /* PBXContainerItemProxy */ = {
			isa = PBXContainerItemProxy;
			containerPortal = D32D9DE219A2119100A47040 /* Project object */;
			proxyType = 1;
			remoteGlobalIDString = D32D9DE919A2119100A47040;
			remoteInfo = ControllingSource;
		};
/* End PBXContainerItemProxy section */

/* Begin PBXFileReference section */
		D32D9DEA19A2119100A47040 /* ControllingSource.app */ = {isa = PBXFileReference; explicitFileType = wrapper.application; includeInIndex = 0; path = ControllingSource.app; sourceTree = BUILT_PRODUCTS_DIR; };
		D32D9DED19A2119100A47040 /* Foundation.framework */ = {isa = PBXFileReference; lastKnownFileType = wrapper.framework; name = Foundation.framework; path = System/Library/Frameworks/Foundation.framework; sourceTree = SDKROOT; };
		D32D9DEF19A2119100A47040 /* CoreGraphics.framework */ = {isa = PBXFileReference; lastKnownFileType = wrapper.framework; name = CoreGraphics.framework; path = System/Library/Frameworks/CoreGraphics.framework; sourceTree = SDKROOT; };
		D32D9DF119A2119100A47040 /* UIKit.framework */ = {isa = PBXFileReference; lastKnownFileType = wrapper.framework; name = UIKit.framework; path = System/Library/Frameworks/UIKit.framework; sourceTree = SDKROOT; };
		D32D9DF319A2119100A47040 /* CoreData.framework */ = {isa = PBXFileReference; lastKnownFileType = wrapper.framework; name = CoreData.framework; path = System/Library/Frameworks/CoreData.framework; sourceTree = SDKROOT; };
		D32D9DF719A2119100A47040 /* ControllingSource-Info.plist */ = {isa = PBXFileReference; lastKnownFileType = text.plist.xml; path = "ControllingSource-Info.plist"; sourceTree = "<group>"; };
		D32D9DF919A2119100A47040 /* en */ = {isa = PBXFileReference; lastKnownFileType = text.plist.strings; name = en; path = en.lproj/InfoPlist.strings; sourceTree = "<group>"; };
		D32D9DFB19A2119100A47040 /* main.m */ = {isa = PBXFileReference; lastKnownFileType = sourcecode.c.objc; path = main.m; sourceTree = "<group>"; };
		D32D9DFD19A2119100A47040 /* ControllingSource-Prefix.pch */ = {isa = PBXFileReference; lastKnownFileType = sourcecode.c.h; path = "ControllingSource-Prefix.pch"; sourceTree = "<group>"; };
		D32D9DFE19A2119100A47040 /* ERGAppDelegate.h */ = {isa = PBXFileReference; lastKnownFileType = sourcecode.c.h; path = ERGAppDelegate.h; sourceTree = "<group>"; };
		D32D9DFF19A2119100A47040 /* ERGAppDelegate.m */ = {isa = PBXFileReference; lastKnownFileType = sourcecode.c.objc; path = ERGAppDelegate.m; sourceTree = "<group>"; };
		D32D9E0219A2119100A47040 /* Base */ = {isa = PBXFileReference; lastKnownFileType = file.storyboard; name = Base; path = Base.lproj/Main.storyboard; sourceTree = "<group>"; };
		D32D9E0519A2119100A47040 /* ControllingSource.xcdatamodel */ = {isa = PBXFileReference; lastKnownFileType = wrapper.xcdatamodel; path = ControllingSource.xcdatamodel; sourceTree = "<group>"; };
		D32D9E0719A2119100A47040 /* ERGMasterViewController.h */ = {isa = PBXFileReference; lastKnownFileType = sourcecode.c.h; path = ERGMasterViewController.h; sourceTree = "<group>"; };
		D32D9E0819A2119100A47040 /* ERGMasterViewController.m */ = {isa = PBXFileReference; lastKnownFileType = sourcecode.c.objc; path = ERGMasterViewController.m; sourceTree = "<group>"; };
		D32D9E0A19A2119100A47040 /* ERGDetailViewController.h */ = {isa = PBXFileReference; lastKnownFileType = sourcecode.c.h; path = ERGDetailViewController.h; sourceTree = "<group>"; };
		D32D9E0B19A2119100A47040 /* ERGDetailViewController.m */ = {isa = PBXFileReference; lastKnownFileType = sourcecode.c.objc; path = ERGDetailViewController.m; sourceTree = "<group>"; };
		D32D9E0D19A2119100A47040 /* Images.xcassets */ = {isa = PBXFileReference; lastKnownFileType = folder.assetcatalog; path = Images.xcassets; sourceTree = "<group>"; };
		D32D9E1319A2119100A47040 /* ControllingSourceTests.xctest */ = {isa = PBXFileReference; explicitFileType = wrapper.cfbundle; includeInIndex = 0; path = ControllingSourceTests.xctest; sourceTree = BUILT_PRODUCTS_DIR; };
		D32D9E1419A2119100A47040 /* XCTest.framework */ = {isa = PBXFileReference; lastKnownFileType = wrapper.framework; name = XCTest.framework; path = Library/Frameworks/XCTest.framework; sourceTree = DEVELOPER_DIR; };
		D32D9E1D19A2119100A47040 /* ControllingSourceTests-Info.plist */ = {isa = PBXFileReference; lastKnownFileType = text.plist.xml; path = "ControllingSourceTests-Info.plist"; sourceTree = "<group>"; };
		D32D9E1F19A2119100A47040 /* en */ = {isa = PBXFileReference; lastKnownFileType = text.plist.strings; name = en; path = en.lproj/InfoPlist.strings; sourceTree = "<group>"; };
		D32D9E2119A2119100A47040 /* ControllingSourceTests.m */ = {isa = PBXFileReference; lastKnownFileType = sourcecode.c.objc; path = ControllingSourceTests.m; sourceTree = "<group>"; };
/* End PBXFileReference section */

/* Begin PBXFrameworksBuildPhase section */
		D32D9DE719A2119100A47040 /* Frameworks */ = {
			isa = PBXFrameworksBuildPhase;
			buildActionMask = 2147483647;
			files = (
				D32D9DF019A2119100A47040 /* CoreGraphics.framework in Frameworks */,
				D32D9DF419A2119100A47040 /* CoreData.framework in Frameworks */,
				D32D9DF219A2119100A47040 /* UIKit.framework in Frameworks */,
				D32D9DEE19A2119100A47040 /* Foundation.framework in Frameworks */,
			);
			runOnlyForDeploymentPostprocessing = 0;
		};
		D32D9E1019A2119100A47040 /* Frameworks */ = {
			isa = PBXFrameworksBuildPhase;
			buildActionMask = 2147483647;
			files = (
				D32D9E1519A2119100A47040 /* XCTest.framework in Frameworks */,
				D32D9E1819A2119100A47040 /* CoreData.framework in Frameworks */,
				D32D9E1719A2119100A47040 /* UIKit.framework in Frameworks */,
				D32D9E1619A2119100A47040 /* Foundation.framework in Frameworks */,
			);
			runOnlyForDeploymentPostprocessing = 0;
		};
/* End PBXFrameworksBuildPhase section */

/* Begin PBXGroup section */
		D32D9DE119A2119100A47040 = {
			isa = PBXGroup;
			children = (
				D32D9DF519A2119100A47040 /* ControllingSource */,
				D32D9E1B19A2119100A47040 /* ControllingSourceTests */,
				D32D9DEC19A2119100A47040 /* Frameworks */,
				D32D9DEB19A2119100A47040 /* Products */,
			);
			sourceTree = "<group>";
		};
		D32D9DEB19A2119100A47040 /* Products */ = {
			isa = PBXGroup;
			children = (
				D32D9DEA19A2119100A47040 /* ControllingSource.app */,
				D32D9E1319A2119100A47040 /* ControllingSourceTests.xctest */,
			);
			name = Products;
			sourceTree = "<group>";
		};
		D32D9DEC19A2119100A47040 /* Frameworks */ = {
			isa = PBXGroup;
			children = (
				D32D9DED19A2119100A47040 /* Foundation.framework */,
				D32D9DEF19A2119100A47040 /* CoreGraphics.framework */,
				D32D9DF119A2119100A47040 /* UIKit.framework */,
				D32D9DF319A2119100A47040 /* CoreData.framework */,
				D32D9E1419A2119100A47040 /* XCTest.framework */,
			);
			name = Frameworks;
			sourceTree = "<group>";
		};
		D32D9DF519A2119100A47040 /* ControllingSource */ = {
			isa = PBXGroup;
			children = (
				D32D9DFE19A2119100A47040 /* ERGAppDelegate.h */,
				D32D9DFF19A2119100A47040 /* ERGAppDelegate.m */,
				D32D9E2C19A2135100A47040 /* Resources */,
				D32D9E2B19A2133800A47040 /* View Controllers */,
				D32D9DF619A2119100A47040 /* Supporting Files */,
			);
			path = ControllingSource;
			sourceTree = "<group>";
		};
		D32D9DF619A2119100A47040 /* Supporting Files */ = {
			isa = PBXGroup;
			children = (
				D32D9DF719A2119100A47040 /* ControllingSource-Info.plist */,
				D32D9DF819A2119100A47040 /* InfoPlist.strings */,
				D32D9DFB19A2119100A47040 /* main.m */,
				D32D9DFD19A2119100A47040 /* ControllingSource-Prefix.pch */,
			);
			name = "Supporting Files";
			sourceTree = "<group>";
		};
		D32D9E1B19A2119100A47040 /* ControllingSourceTests */ = {
			isa = PBXGroup;
			children = (
				D32D9E2119A2119100A47040 /* ControllingSourceTests.m */,
				D32D9E1C19A2119100A47040 /* Supporting Files */,
			);
			path = ControllingSourceTests;
			sourceTree = "<group>";
		};
		D32D9E1C19A2119100A47040 /* Supporting Files */ = {
			isa = PBXGroup;
			children = (
				D32D9E1D19A2119100A47040 /* ControllingSourceTests-Info.plist */,
				D32D9E1E19A2119100A47040 /* InfoPlist.strings */,
			);
			name = "Supporting Files";
			sourceTree = "<group>";
		};
		D32D9E2B19A2133800A47040 /* View Controllers */ = {
			isa = PBXGroup;
			children = (
				D32D9E0719A2119100A47040 /* ERGMasterViewController.h */,
				D32D9E0819A2119100A47040 /* ERGMasterViewController.m */,
				D32D9E0A19A2119100A47040 /* ERGDetailViewController.h */,
				D32D9E0B19A2119100A47040 /* ERGDetailViewController.m */,
			);
			name = "View Controllers";
			sourceTree = "<group>";
		};
		D32D9E2C19A2135100A47040 /* Resources */ = {
			isa = PBXGroup;
			children = (
				D32D9E0119A2119100A47040 /* Main.storyboard */,
				D32D9E0D19A2119100A47040 /* Images.xcassets */,
				D32D9E0419A2119100A47040 /* ControllingSource.xcdatamodeld */,
			);
			name = Resources;
			sourceTree = "<group>";
		};
/* End PBXGroup section */

/* Begin PBXNativeTarget section */
		D32D9DE919A2119100A47040 /* ControllingSource */ = {
			isa = PBXNativeTarget;
			buildConfigurationList = D32D9E2519A2119100A47040 /* Build configuration list for PBXNativeTarget "ControllingSource" */;
			buildPhases = (
				D32D9DE619A2119100A47040 /* Sources */,
				D32D9DE719A2119100A47040 /* Frameworks */,
				D32D9DE819A2119100A47040 /* Resources */,
			);
			buildRules = (
			);
			dependencies = (
			);
			name = ControllingSource;
			productName = ControllingSource;
			productReference = D32D9DEA19A2119100A47040 /* ControllingSource.app */;
			productType = "com.apple.product-type.application";
		};
		D32D9E1219A2119100A47040 /* ControllingSourceTests */ = {
			isa = PBXNativeTarget;
			buildConfigurationList = D32D9E2819A2119100A47040 /* Build configuration list for PBXNativeTarget "ControllingSourceTests" */;
			buildPhases = (
				D32D9E0F19A2119100A47040 /* Sources */,
				D32D9E1019A2119100A47040 /* Frameworks */,
				D32D9E1119A2119100A47040 /* Resources */,
			);
			buildRules = (
			);
			dependencies = (
				D32D9E1A19A2119100A47040 /* PBXTargetDependency */,
			);
			name = ControllingSourceTests;
			productName = ControllingSourceTests;
			productReference = D32D9E1319A2119100A47040 /* ControllingSourceTests.xctest */;
			productType = "com.apple.product-type.bundle.unit-test";
		};
/* End PBXNativeTarget section */

/* Begin PBXProject section */
		D32D9DE219A2119100A47040 /* Project object */ = {
			isa = PBXProject;
			attributes = {
				CLASSPREFIX = ERG;
				LastUpgradeCheck = 0510;
				ORGANIZATIONNAME = thanawat.s;
				TargetAttributes = {
					D32D9E1219A2119100A47040 = {
						TestTargetID = D32D9DE919A2119100A47040;
					};
				};
			};
			buildConfigurationList = D32D9DE519A2119100A47040 /* Build configuration list for PBXProject "ControllingSource" */;
			compatibilityVersion = "Xcode 3.2";
			developmentRegion = English;
			hasScannedForEncodings = 0;
			knownRegions = (
				en,
				Base,
			);
			mainGroup = D32D9DE119A2119100A47040;
			productRefGroup = D32D9DEB19A2119100A47040 /* Products */;
			projectDirPath = "";
			projectRoot = "";
			targets = (
				D32D9DE919A2119100A47040 /* ControllingSource */,
				D32D9E1219A2119100A47040 /* ControllingSourceTests */,
			);
		};
/* End PBXProject section */

/* Begin PBXResourcesBuildPhase section */
		D32D9DE819A2119100A47040 /* Resources */ = {
			isa = PBXResourcesBuildPhase;
			buildActionMask = 2147483647;
			files = (
				D32D9E0E19A2119100A47040 /* Images.xcassets in Resources */,
				D32D9DFA19A2119100A47040 /* InfoPlist.strings in Resources */,
				D32D9E0319A2119100A47040 /* Main.storyboard in Resources */,
			);
			runOnlyForDeploymentPostprocessing = 0;
		};
		D32D9E1119A2119100A47040 /* Resources */ = {
			isa = PBXResourcesBuildPhase;
			buildActionMask = 2147483647;
			files = (
				D32D9E2019A2119100A47040 /* InfoPlist.strings in Resources */,
			);
			runOnlyForDeploymentPostprocessing = 0;
		};
/* End PBXResourcesBuildPhase section */

/* Begin PBXSourcesBuildPhase section */
		D32D9DE619A2119100A47040 /* Sources */ = {
			isa = PBXSourcesBuildPhase;
			buildActionMask = 2147483647;
			files = (
				D32D9E0C19A2119100A47040 /* ERGDetailViewController.m in Sources */,
				D32D9E0619A2119100A47040 /* ControllingSource.xcdatamodeld in Sources */,
				D32D9E0919A2119100A47040 /* ERGMasterViewController.m in Sources */,
				D32D9DFC19A2119100A47040 /* main.m in Sources */,
				D32D9E0019A2119100A47040 /* ERGAppDelegate.m in Sources */,
			);
			runOnlyForDeploymentPostprocessing = 0;
		};
		D32D9E0F19A2119100A47040 /* Sources */ = {
			isa = PBXSourcesBuildPhase;
			buildActionMask = 2147483647;
			files = (
				D32D9E2219A2119100A47040 /* ControllingSourceTests.m in Sources */,
			);
			runOnlyForDeploymentPostprocessing = 0;
		};
/* End PBXSourcesBuildPhase section */

/* Begin PBXTargetDependency section */
		D32D9E1A19A2119100A47040 /* PBXTargetDependency */ = {
			isa = PBXTargetDependency;
			target = D32D9DE919A2119100A47040 /* ControllingSource */;
			targetProxy = D32D9E1919A2119100A47040 /* PBXContainerItemProxy */;
		};
/* End PBXTargetDependency section */

/* Begin PBXVariantGroup section */
		D32D9DF819A2119100A47040 /* InfoPlist.strings */ = {
			isa = PBXVariantGroup;
			children = (
				D32D9DF919A2119100A47040 /* en */,
			);
			name = InfoPlist.strings;
			sourceTree = "<group>";
		};
		D32D9E0119A2119100A47040 /* Main.storyboard */ = {
			isa = PBXVariantGroup;
			children = (
				D32D9E0219A2119100A47040 /* Base */,
			);
			name = Main.storyboard;
			sourceTree = "<group>";
		};
		D32D9E1E19A2119100A47040 /* InfoPlist.strings */ = {
			isa = PBXVariantGroup;
			children = (
				D32D9E1F19A2119100A47040 /* en */,
			);
			name = InfoPlist.strings;
			sourceTree = "<group>";
		};
/* End PBXVariantGroup section */

/* Begin XCBuildConfiguration section */
		D32D9E2319A2119100A47040 /* Debug */ = {
			isa = XCBuildConfiguration;
			buildSettings = {
				ALWAYS_SEARCH_USER_PATHS = NO;
				CLANG_CXX_LANGUAGE_STANDARD = "gnu++0x";
				CLANG_CXX_LIBRARY = "libc++";
				CLANG_ENABLE_MODULES = YES;
				CLANG_ENABLE_OBJC_ARC = YES;
				CLANG_WARN_BOOL_CONVERSION = YES;
				CLANG_WARN_CONSTANT_CONVERSION = YES;
				CLANG_WARN_DIRECT_OBJC_ISA_USAGE = YES_ERROR;
				CLANG_WARN_EMPTY_BODY = YES;
				CLANG_WARN_ENUM_CONVERSION = YES;
				CLANG_WARN_INT_CONVERSION = YES;
				CLANG_WARN_OBJC_ROOT_CLASS = YES_ERROR;
				CLANG_WARN__DUPLICATE_METHOD_MATCH = YES;
				"CODE_SIGN_IDENTITY[sdk=iphoneos*]" = "iPhone Developer";
				COPY_PHASE_STRIP = NO;
				GCC_C_LANGUAGE_STANDARD = gnu99;
				GCC_DYNAMIC_NO_PIC = NO;
				GCC_OPTIMIZATION_LEVEL = 0;
				GCC_PREPROCESSOR_DEFINITIONS = (
					"DEBUG=1",
					"$(inherited)",
				);
				GCC_SYMBOLS_PRIVATE_EXTERN = NO;
				GCC_WARN_64_TO_32_BIT_CONVERSION = YES;
				GCC_WARN_ABOUT_RETURN_TYPE = YES_ERROR;
				GCC_WARN_UNDECLARED_SELECTOR = YES;
				GCC_WARN_UNINITIALIZED_AUTOS = YES_AGGRESSIVE;
				GCC_WARN_UNUSED_FUNCTION = YES;
				GCC_WARN_UNUSED_VARIABLE = YES;
				IPHONEOS_DEPLOYMENT_TARGET = 7.1;
				ONLY_ACTIVE_ARCH = YES;
				SDKROOT = iphoneos;
			};
			name = Debug;
		};
		D32D9E2419A2119100A47040 /* Release */ = {
			isa = XCBuildConfiguration;
			buildSettings = {
				ALWAYS_SEARCH_USER_PATHS = NO;
				CLANG_CXX_LANGUAGE_STANDARD = "gnu++0x";
				CLANG_CXX_LIBRARY = "libc++";
				CLANG_ENABLE_MODULES = YES;
				CLANG_ENABLE_OBJC_ARC = YES;
				CLANG_WARN_BOOL_CONVERSION = YES;
				CLANG_WARN_CONSTANT_CONVERSION = YES;
				CLANG_WARN_DIRECT_OBJC_ISA_USAGE = YES_ERROR;
				CLANG_WARN_EMPTY_BODY = YES;
				CLANG_WARN_ENUM_CONVERSION = YES;
				CLANG_WARN_INT_CONVERSION = YES;
				CLANG_WARN_OBJC_ROOT_CLASS = YES_ERROR;
				CLANG_WARN__DUPLICATE_METHOD_MATCH = YES;
				"CODE_SIGN_IDENTITY[sdk=iphoneos*]" = "iPhone Developer";
				COPY_PHASE_STRIP = YES;
				ENABLE_NS_ASSERTIONS = NO;
				GCC_C_LANGUAGE_STANDARD = gnu99;
				GCC_WARN_64_TO_32_BIT_CONVERSION = YES;
				GCC_WARN_ABOUT_RETURN_TYPE = YES_ERROR;
				GCC_WARN_UNDECLARED_SELECTOR = YES;
				GCC_WARN_UNINITIALIZED_AUTOS = YES_AGGRESSIVE;
				GCC_WARN_UNUSED_FUNCTION = YES;
				GCC_WARN_UNUSED_VARIABLE = YES;
				IPHONEOS_DEPLOYMENT_TARGET = 7.1;
				SDKROOT = iphoneos;
				VALIDATE_PRODUCT = YES;
			};
			name = Release;
		};
		D32D9E2619A2119100A47040 /* Debug */ = {
			isa = XCBuildConfiguration;
			buildSettings = {
				ASSETCATALOG_COMPILER_APPICON_NAME = AppIcon;
				ASSETCATALOG_COMPILER_LAUNCHIMAGE_NAME = LaunchImage;
				GCC_PRECOMPILE_PREFIX_HEADER = YES;
				GCC_PREFIX_HEADER = "ControllingSource/ControllingSource-Prefix.pch";
				INFOPLIST_FILE = "ControllingSource/ControllingSource-Info.plist";
				PRODUCT_NAME = "$(TARGET_NAME)";
				WRAPPER_EXTENSION = app;
			};
			name = Debug;
		};
		D32D9E2719A2119100A47040 /* Release */ = {
			isa = XCBuildConfiguration;
			buildSettings = {
				ASSETCATALOG_COMPILER_APPICON_NAME = AppIcon;
				ASSETCATALOG_COMPILER_LAUNCHIMAGE_NAME = LaunchImage;
				GCC_PRECOMPILE_PREFIX_HEADER = YES;
				GCC_PREFIX_HEADER = "ControllingSource/ControllingSource-Prefix.pch";
				INFOPLIST_FILE = "ControllingSource/ControllingSource-Info.plist";
				PRODUCT_NAME = "$(TARGET_NAME)";
				WRAPPER_EXTENSION = app;
			};
			name = Release;
		};
		D32D9E2919A2119100A47040 /* Debug */ = {
			isa = XCBuildConfiguration;
			buildSettings = {
				BUNDLE_LOADER = "$(BUILT_PRODUCTS_DIR)/ControllingSource.app/ControllingSource";
				FRAMEWORK_SEARCH_PATHS = (
					"$(SDKROOT)/Developer/Library/Frameworks",
					"$(inherited)",
					"$(DEVELOPER_FRAMEWORKS_DIR)",
				);
				GCC_PRECOMPILE_PREFIX_HEADER = YES;
				GCC_PREFIX_HEADER = "ControllingSource/ControllingSource-Prefix.pch";
				GCC_PREPROCESSOR_DEFINITIONS = (
					"DEBUG=1",
					"$(inherited)",
				);
				INFOPLIST_FILE = "ControllingSourceTests/ControllingSourceTests-Info.plist";
				PRODUCT_NAME = "$(TARGET_NAME)";
				TEST_HOST = "$(BUNDLE_LOADER)";
				WRAPPER_EXTENSION = xctest;
			};
			name = Debug;
		};
		D32D9E2A19A2119100A47040 /* Release */ = {
			isa = XCBuildConfiguration;
			buildSettings = {
				BUNDLE_LOADER = "$(BUILT_PRODUCTS_DIR)/ControllingSource.app/ControllingSource";
				FRAMEWORK_SEARCH_PATHS = (
					"$(SDKROOT)/Developer/Library/Frameworks",
					"$(inherited)",
					"$(DEVELOPER_FRAMEWORKS_DIR)",
				);
				GCC_PRECOMPILE_PREFIX_HEADER = YES;
				GCC_PREFIX_HEADER = "ControllingSource/ControllingSource-Prefix.pch";
				INFOPLIST_FILE = "ControllingSourceTests/ControllingSourceTests-Info.plist";
				PRODUCT_NAME = "$(TARGET_NAME)";
				TEST_HOST = "$(BUNDLE_LOADER)";
				WRAPPER_EXTENSION = xctest;
			};
			name = Release;
		};
/* End XCBuildConfiguration section */

/* Begin XCConfigurationList section */
		D32D9DE519A2119100A47040 /* Build configuration list for PBXProject "ControllingSource" */ = {
			isa = XCConfigurationList;
			buildConfigurations = (
				D32D9E2319A2119100A47040 /* Debug */,
				D32D9E2419A2119100A47040 /* Release */,
			);
			defaultConfigurationIsVisible = 0;
			defaultConfigurationName = Release;
		};
		D32D9E2519A2119100A47040 /* Build configuration list for PBXNativeTarget "ControllingSource" */ = {
			isa = XCConfigurationList;
			buildConfigurations = (
				D32D9E2619A2119100A47040 /* Debug */,
				D32D9E2719A2119100A47040 /* Release */,
			);
			defaultConfigurationIsVisible = 0;
		};
		D32D9E2819A2119100A47040 /* Build configuration list for PBXNativeTarget "ControllingSourceTests" */ = {
			isa = XCConfigurationList;
			buildConfigurations = (
				D32D9E2919A2119100A47040 /* Debug */,
				D32D9E2A19A2119100A47040 /* Release */,
			);
			defaultConfigurationIsVisible = 0;
		};
/* End XCConfigurationList section */

/* Begin XCVersionGroup section */
		D32D9E0419A2119100A47040 /* ControllingSource.xcdatamodeld */ = {
			isa = XCVersionGroup;
			children = (
				D32D9E0519A2119100A47040 /* ControllingSource.xcdatamodel */,
			);
			currentVersion = D32D9E0519A2119100A47040 /* ControllingSource.xcdatamodel */;
			path = ControllingSource.xcdatamodeld;
			sourceTree = "<group>";
			versionGroupType = wrapper.xcdatamodel;
		};
/* End XCVersionGroup section */
	};
	rootObject = D32D9DE219A2119100A47040 /* Project object */;
}
